
Microsoft Visual Studio Solution File, Format Version 12.00
# Visual Studio Version 16
VisualStudioVersion = 16.0.31424.327
MinimumVisualStudioVersion = 10.0.40219.1
Project("{FAE04EC0-301F-11D3-BF4B-00C04F79EFBC}") = "Week6Day6", "Week6Day6\Week6Day6.csproj", "{75F18DEC-CE82-490B-9EA1-9FC84BBE2804}"
EndProject
Global
	GlobalSection(SolutionConfigurationPlatforms) = preSolution
		Debug|Any CPU = Debug|Any CPU
		Release|Any CPU = Release|Any CPU
	EndGlobalSection
	GlobalSection(ProjectConfigurationPlatforms) = postSolution
		{75F18DEC-CE82-490B-9EA1-9FC84BBE2804}.Debug|Any CPU.ActiveCfg = Debug|Any CPU
		{75F18DEC-CE82-490B-9EA1-9FC84BBE2804}.Debug|Any CPU.Build.0 = Debug|Any CPU
		{75F18DEC-CE82-490B-9EA1-9FC84BBE2804}.Release|Any CPU.ActiveCfg = Release|Any CPU
		{75F18DEC-CE82-490B-9EA1-9FC84BBE2804}.Release|Any CPU.Build.0 = Release|Any CPU
	EndGlobalSection
	GlobalSection(SolutionProperties) = preSolution
		HideSolutionNode = FALSE
	EndGlobalSection
	GlobalSection(ExtensibilityGlobals) = postSolution
		SolutionGuid = {FA3E7F30-9735-45F3-A0EE-6655A1CA861B}
	EndGlobalSection
EndGlobal
